# THIS IS AN AUTOGENERATED FILE. DO NOT EDIT THIS FILE DIRECTLY.
# yarn lockfile v1


html-tags@3.1.0:
  version "3.1.0"
  resolved "https://registry.yarnpkg.com/html-tags/-/html-tags-3.1.0.tgz#7b5e6f7e665e9fb41f30007ed9e0d41e97fb2140"
  integrity sha512-1qYz89hW3lFDEazhjW0yVAV87lw8lVkrJocr72XmBkMKsoSVJCQx3W8BXsC7hO2qAt8BoVjYjtAcZ9perqGnNg==

lodash@^4.17.14:
  version "4.17.15"
  resolved "https://registry.yarnpkg.com/lodash/-/lodash-4.17.15.tgz#b447f6670a0455bbfeedd11392eff330ea097548"
  integrity sha512-8xOcRHvCjnocdS5cpwXQXVzmmh5e5+saE2QGoeQmbKmRS6J3VQppPOIt0MnmE+4xlZoumy0GPG0D0MVIQbNA1A==

mathml-tag-names@^2.1.1:
  version "2.1.1"
  resolved "https://registry.yarnpkg.com/mathml-tag-names/-/mathml-tag-names-2.1.1.tgz#6dff66c99d55ecf739ca53c492e626f1d12a33cc"
  integrity sha512-pWB896KPGSGkp1XtyzRBftpTzwSOL0Gfk0wLvxt4f2mgzjY19o0LxJ3U25vNWTzsh7da+KTbuXQoQ3lOJZ8WHw==

svg-tags@^1.0.0:
  version "1.0.0"
  resolved "https://registry.yarnpkg.com/svg-tags/-/svg-tags-1.0.0.tgz#58f71cee3bd519b59d4b2a843b6c7de64ac04764"
  integrity sha1-WPcc7jvVGbWdSyqEO2x95krAR2Q=
