# THIS IS AN AUTOGENERATED FILE. DO NOT EDIT THIS FILE DIRECTLY.
# yarn lockfile v1


html-tags@^1.1.1:
  version "1.1.1"
  resolved "https://registry.yarnpkg.com/html-tags/-/html-tags-1.1.1.tgz#869f43859f12d9bdc3892419e494a628aa1b204e"

lodash@^4.17.4:
  version "4.17.4"
  resolved "https://registry.yarnpkg.com/lodash/-/lodash-4.17.4.tgz#78203a4d1c328ae1d86dca6460e369b57f4055ae"

mathml-tag-names@^2.0.0:
  version "2.0.0"
  resolved "https://registry.yarnpkg.com/mathml-tag-names/-/mathml-tag-names-2.0.0.tgz#eee615112a2b127e70f558d69c9ebe14076503d7"

svg-tags@^1.0.0:
  version "1.0.0"
  resolved "https://registry.yarnpkg.com/svg-tags/-/svg-tags-1.0.0.tgz#58f71cee3bd519b59d4b2a843b6c7de64ac04764"
