# THIS IS AN AUTOGENERATED FILE. DO NOT EDIT THIS FILE DIRECTLY.
# yarn lockfile v1


html-tags@^3.1.0:
  version "3.1.0"
  resolved "https://registry.yarnpkg.com/html-tags/-/html-tags-3.1.0.tgz#7b5e6f7e665e9fb41f30007ed9e0d41e97fb2140"
  integrity sha512-1qYz89hW3lFDEazhjW0yVAV87lw8lVkrJocr72XmBkMKsoSVJCQx3W8BXsC7hO2qAt8BoVjYjtAcZ9perqGnNg==

lodash@^4.17.19:
  version "4.17.19"
  resolved "https://registry.yarnpkg.com/lodash/-/lodash-4.17.19.tgz#e48ddedbe30b3321783c5b4301fbd353bc1e4a4b"
  integrity sha512-JNvd8XER9GQX0v2qJgsaN/mzFCNA5BRe/j8JN9d+tWyGLSodKQHKFicdwNYzWwI3wjRnaKPsGj1XkBjx/F96DQ==

mathml-tag-names@^2.1.3:
  version "2.1.3"
  resolved "https://registry.yarnpkg.com/mathml-tag-names/-/mathml-tag-names-2.1.3.tgz#4ddadd67308e780cf16a47685878ee27b736a0a3"
  integrity sha512-APMBEanjybaPzUrfqU0IMU5I0AswKMH7k8OTLs0vvV4KZpExkTkY87nR/zpbuTPj+gARop7aGUbl11pnDfW6xg==

svg-tags@^1.0.0:
  version "1.0.0"
  resolved "https://registry.yarnpkg.com/svg-tags/-/svg-tags-1.0.0.tgz#58f71cee3bd519b59d4b2a843b6c7de64ac04764"
  integrity sha1-WPcc7jvVGbWdSyqEO2x95krAR2Q=
